# This file is automatically @generated by Cargo.
# It is not intended for manual editing.
version = 4

[[package]]
name = "xetal-gpu-cli"
version = "0.1.0"
dependencies = [
 "xetal-gpu-opencl",
 "xetal-gpu-xir",
]

[[package]]
name = "xetal-gpu-opencl"
version = "0.1.0"
dependencies = [
 "xetal-gpu-xir",
]

[[package]]
name = "xetal-gpu-xir"
version = "0.1.0"
